{
  "originHash" : "30b118456b9d7d94515b17de9cde1f1eebb5ce290ecd4893061ebe396fbb02f7",
  "pins" : [
    {
      "identity" : "basiclogging",
      "kind" : "remoteSourceControl",
      "location" : "https://github.com/swiftxml/BasicLogging.git",
      "state" : {
        "revision" : "ba91cb81aa105a83625e13ecb37bbe0aba34fe38",
        "version" : "1.0.0"
      }
    },
    {
      "identity" : "localization",
      "kind" : "remoteSourceControl",
      "location" : "https://github.com/swiftxml/Localization.git",
      "state" : {
        "revision" : "e3516448e09b381c3fcb7d337f1800432782d8eb",
        "version" : "1.0.0"
      }
    },
    {
      "identity" : "logginginterfaces",
      "kind" : "remoteSourceControl",
      "location" : "https://github.com/swiftxml/LoggingInterfaces.git",
      "state" : {
        "revision" : "c27acbb871530b4f09f4a1a09556e7e9e386447f",
        "version" : "1.0.0"
      }
    },
    {
      "identity" : "pipeline",
      "kind" : "remoteSourceControl",
      "location" : "https://github.com/swiftxml/Pipeline.git",
      "state" : {
        "revision" : "da43e031d88fcab505df18ab347f7b8909d0c4f0",
        "version" : "1.0.7"
      }
    },
    {
      "identity" : "pipelinebasiclogging",
      "kind" : "remoteSourceControl",
      "location" : "https://github.com/swiftxml/PipelineBasicLogging.git",
      "state" : {
        "revision" : "f8867a892b3de737b79ad9f3e076885332541511",
        "version" : "1.0.6"
      }
    },
    {
      "identity" : "pipelineextensionsforswiftxml",
      "kind" : "remoteSourceControl",
      "location" : "https://github.com/swiftxml/PipelineExtensionsForSwiftXML.git",
      "state" : {
        "revision" : "828b88aa7dfd5c21c193f0a1526144984ac994db",
        "version" : "2.0.4"
      }
    },
    {
      "identity" : "pipelineloggingbinding",
      "kind" : "remoteSourceControl",
      "location" : "https://github.com/swiftxml/PipelineLoggingBinding.git",
      "state" : {
        "revision" : "b89861fa9b35603d2ce54a885d9f0334e688456e",
        "version" : "1.0.7"
      }
    },
    {
      "identity" : "swift-syntax",
      "kind" : "remoteSourceControl",
      "location" : "https://github.com/apple/swift-syntax.git",
      "state" : {
        "revision" : "4799286537280063c85a32f09884cfbca301b1a1",
        "version" : "602.0.0"
      }
    },
    {
      "identity" : "swiftxml",
      "kind" : "remoteSourceControl",
      "location" : "https://github.com/swiftxml/SwiftXML.git",
      "state" : {
        "revision" : "d9a510ff3922000c5e3b9994557b23a3832ca48a",
        "version" : "2.0.9"
      }
    },
    {
      "identity" : "swiftxmlinterfaces",
      "kind" : "remoteSourceControl",
      "location" : "https://github.com/swiftxml/SwiftXMLInterfaces",
      "state" : {
        "revision" : "6456fe6b3afb9e4d2f0c02925e78ca6c5d128cb1",
        "version" : "1.0.0"
      }
    },
    {
      "identity" : "swiftxmlparser",
      "kind" : "remoteSourceControl",
      "location" : "https://github.com/swiftxml/SwiftXMLParser",
      "state" : {
        "revision" : "06824bdf1810cc6c031ccb87377faeca98aa2c9e",
        "version" : "2.0.0"
      }
    }
  ],
  "version" : 3
}
