{
  "originHash" : "132383999f8094936e6ffc44d76789fa47586007b043dc9a2a496fe7432ab9f4",
  "pins" : [
    {
      "identity" : "basiclogging",
      "kind" : "remoteSourceControl",
      "location" : "https://github.com/swiftxml/BasicLogging.git",
      "state" : {
        "revision" : "ba91cb81aa105a83625e13ecb37bbe0aba34fe38",
        "version" : "1.0.0"
      }
    },
    {
      "identity" : "localization",
      "kind" : "remoteSourceControl",
      "location" : "https://github.com/swiftxml/Localization.git",
      "state" : {
        "revision" : "e3516448e09b381c3fcb7d337f1800432782d8eb",
        "version" : "1.0.0"
      }
    },
    {
      "identity" : "logginginterfaces",
      "kind" : "remoteSourceControl",
      "location" : "https://github.com/swiftxml/LoggingInterfaces.git",
      "state" : {
        "revision" : "c27acbb871530b4f09f4a1a09556e7e9e386447f",
        "version" : "1.0.0"
      }
    },
    {
      "identity" : "pipeline",
      "kind" : "remoteSourceControl",
      "location" : "https://github.com/swiftxml/Pipeline.git",
      "state" : {
        "revision" : "80023803daf4adafc28caf9380c3042f8ab39dba",
        "version" : "1.0.1"
      }
    },
    {
      "identity" : "pipelinebasiclogging",
      "kind" : "remoteSourceControl",
      "location" : "https://github.com/swiftxml/PipelineBasicLogging.git",
      "state" : {
        "revision" : "d8857154ae81d21aa02366707b17222498fb50e1",
        "version" : "1.0.1"
      }
    },
    {
      "identity" : "pipelineextensionsforswiftxml",
      "kind" : "remoteSourceControl",
      "location" : "https://github.com/swiftxml/PipelineExtensionsForSwiftXML.git",
      "state" : {
        "revision" : "85fc8c829a9024a6e13b9a568337ba7149506a1d",
        "version" : "2.0.0"
      }
    },
    {
      "identity" : "pipelineloggingbinding",
      "kind" : "remoteSourceControl",
      "location" : "https://github.com/swiftxml/PipelineLoggingBinding.git",
      "state" : {
        "revision" : "183e01bd8bc986ec06737f821c613e551a07647a",
        "version" : "1.0.1"
      }
    },
    {
      "identity" : "swift-syntax",
      "kind" : "remoteSourceControl",
      "location" : "https://github.com/apple/swift-syntax.git",
      "state" : {
        "revision" : "4799286537280063c85a32f09884cfbca301b1a1",
        "version" : "602.0.0"
      }
    },
    {
      "identity" : "swiftxml",
      "kind" : "remoteSourceControl",
      "location" : "https://github.com/swiftxml/SwiftXML.git",
      "state" : {
        "revision" : "d9a510ff3922000c5e3b9994557b23a3832ca48a",
        "version" : "2.0.9"
      }
    },
    {
      "identity" : "swiftxmlinterfaces",
      "kind" : "remoteSourceControl",
      "location" : "https://github.com/swiftxml/SwiftXMLInterfaces",
      "state" : {
        "revision" : "6456fe6b3afb9e4d2f0c02925e78ca6c5d128cb1",
        "version" : "1.0.0"
      }
    },
    {
      "identity" : "swiftxmlparser",
      "kind" : "remoteSourceControl",
      "location" : "https://github.com/swiftxml/SwiftXMLParser",
      "state" : {
        "revision" : "06824bdf1810cc6c031ccb87377faeca98aa2c9e",
        "version" : "2.0.0"
      }
    }
  ],
  "version" : 3
}
